// !$*UTF8*$!
{
	archiveVersion = 1;
	classes = {
	};
	objectVersion = 55;
	objects = {

/* Begin PBXBuildFile section */
		A55DCA7227DF8500002374A6 /* AppDelegate.swift in Sources */ = {isa = PBXBuildFile; fileRef = A55DCA7127DF8500002374A6 /* AppDelegate.swift */; };
		A55DCA7427DF8500002374A6 /* SceneDelegate.swift in Sources */ = {isa = PBXBuildFile; fileRef = A55DCA7327DF8500002374A6 /* SceneDelegate.swift */; };
		A55DCA7627DF8500002374A6 /* PostViewController.swift in Sources */ = {isa = PBXBuildFile; fileRef = A55DCA7527DF8500002374A6 /* PostViewController.swift */; };
		A55DCA7927DF8501002374A6 /* Main.storyboard in Resources */ = {isa = PBXBuildFile; fileRef = A55DCA7727DF8501002374A6 /* Main.storyboard */; };
		A55DCA7B27DF8502002374A6 /* Assets.xcassets in Resources */ = {isa = PBXBuildFile; fileRef = A55DCA7A27DF8502002374A6 /* Assets.xcassets */; };
		A55DCA7E27DF8502002374A6 /* LaunchScreen.storyboard in Resources */ = {isa = PBXBuildFile; fileRef = A55DCA7C27DF8502002374A6 /* LaunchScreen.storyboard */; };
		A55DCA8927DF8A94002374A6 /* Post.swift in Sources */ = {isa = PBXBuildFile; fileRef = A55DCA8827DF8A94002374A6 /* Post.swift */; };
		A55DCA8C27DF8C61002374A6 /* Alamofire in Frameworks */ = {isa = PBXBuildFile; productRef = A55DCA8B27DF8C61002374A6 /* Alamofire */; };
		A55DCA9127DF938B002374A6 /* PostPresenter.swift in Sources */ = {isa = PBXBuildFile; fileRef = A55DCA9027DF938B002374A6 /* PostPresenter.swift */; };
		A55DCA9327DF9424002374A6 /* PostFetch.swift in Sources */ = {isa = PBXBuildFile; fileRef = A55DCA9227DF9424002374A6 /* PostFetch.swift */; };
		A55DCA9627DF96C4002374A6 /* PostResponse.swift in Sources */ = {isa = PBXBuildFile; fileRef = A55DCA9527DF96C4002374A6 /* PostResponse.swift */; };
		A55DCA9A27DF9A15002374A6 /* Data+DTO.swift in Sources */ = {isa = PBXBuildFile; fileRef = A55DCA9927DF9A15002374A6 /* Data+DTO.swift */; };
		A55DCA9C27DF9DDB002374A6 /* Closures.swift in Sources */ = {isa = PBXBuildFile; fileRef = A55DCA9B27DF9DDB002374A6 /* Closures.swift */; };
		A55DCA9F27DFD548002374A6 /* PostAdapter.swift in Sources */ = {isa = PBXBuildFile; fileRef = A55DCA9E27DFD548002374A6 /* PostAdapter.swift */; };
		A55DCAA827DFEC5F002374A6 /* PostTableViewCell.swift in Sources */ = {isa = PBXBuildFile; fileRef = A55DCAA727DFEC5F002374A6 /* PostTableViewCell.swift */; };
		A55DCAAB27E005F1002374A6 /* ErrorTableViewCell.swift in Sources */ = {isa = PBXBuildFile; fileRef = A55DCAAA27E005F1002374A6 /* ErrorTableViewCell.swift */; };
		A55DCAAD27E010FC002374A6 /* PostFilterAdapter.swift in Sources */ = {isa = PBXBuildFile; fileRef = A55DCAAC27E010FC002374A6 /* PostFilterAdapter.swift */; };
		A55DCAB027E0265B002374A6 /* PostDetailPresenter.swift in Sources */ = {isa = PBXBuildFile; fileRef = A55DCAAF27E0265B002374A6 /* PostDetailPresenter.swift */; };
		A55DCAB227E02679002374A6 /* PostDetailViewController.swift in Sources */ = {isa = PBXBuildFile; fileRef = A55DCAB127E02679002374A6 /* PostDetailViewController.swift */; };
		A5A3F9A727E1257C00CB0031 /* AllPost.swift in Sources */ = {isa = PBXBuildFile; fileRef = A5A3F9A627E1257C00CB0031 /* AllPost.swift */; };
		A5A3F9A927E126A300CB0031 /* Meta.swift in Sources */ = {isa = PBXBuildFile; fileRef = A5A3F9A827E126A300CB0031 /* Meta.swift */; };
		A5A3F9AB27E126B600CB0031 /* Pagination.swift in Sources */ = {isa = PBXBuildFile; fileRef = A5A3F9AA27E126B600CB0031 /* Pagination.swift */; };
		A5A3F9AD27E126D400CB0031 /* Links.swift in Sources */ = {isa = PBXBuildFile; fileRef = A5A3F9AC27E126D400CB0031 /* Links.swift */; };
		BF032A449B8B15A6799C1E43 /* Pods_PostSearch.framework in Frameworks */ = {isa = PBXBuildFile; fileRef = 071CD8E90DF248F8D390BD33 /* Pods_PostSearch.framework */; };
/* End PBXBuildFile section */

/* Begin PBXFileReference section */
		071CD8E90DF248F8D390BD33 /* Pods_PostSearch.framework */ = {isa = PBXFileReference; explicitFileType = wrapper.framework; includeInIndex = 0; path = Pods_PostSearch.framework; sourceTree = BUILT_PRODUCTS_DIR; };
		35482D39B27AF73A1205D1E4 /* Pods-PostSearch.release.xcconfig */ = {isa = PBXFileReference; includeInIndex = 1; lastKnownFileType = text.xcconfig; name = "Pods-PostSearch.release.xcconfig"; path = "Target Support Files/Pods-PostSearch/Pods-PostSearch.release.xcconfig"; sourceTree = "<group>"; };
		6B24A72D1EFDCDBA949602E9 /* Pods-PostSearch.debug.xcconfig */ = {isa = PBXFileReference; includeInIndex = 1; lastKnownFileType = text.xcconfig; name = "Pods-PostSearch.debug.xcconfig"; path = "Target Support Files/Pods-PostSearch/Pods-PostSearch.debug.xcconfig"; sourceTree = "<group>"; };
		A55DCA6E27DF8500002374A6 /* PostSearch.app */ = {isa = PBXFileReference; explicitFileType = wrapper.application; includeInIndex = 0; path = PostSearch.app; sourceTree = BUILT_PRODUCTS_DIR; };
		A55DCA7127DF8500002374A6 /* AppDelegate.swift */ = {isa = PBXFileReference; lastKnownFileType = sourcecode.swift; path = AppDelegate.swift; sourceTree = "<group>"; };
		A55DCA7327DF8500002374A6 /* SceneDelegate.swift */ = {isa = PBXFileReference; lastKnownFileType = sourcecode.swift; path = SceneDelegate.swift; sourceTree = "<group>"; };
		A55DCA7527DF8500002374A6 /* PostViewController.swift */ = {isa = PBXFileReference; lastKnownFileType = sourcecode.swift; path = PostViewController.swift; sourceTree = "<group>"; };
		A55DCA7827DF8501002374A6 /* Base */ = {isa = PBXFileReference; lastKnownFileType = file.storyboard; name = Base; path = Base.lproj/Main.storyboard; sourceTree = "<group>"; };
		A55DCA7A27DF8502002374A6 /* Assets.xcassets */ = {isa = PBXFileReference; lastKnownFileType = folder.assetcatalog; path = Assets.xcassets; sourceTree = "<group>"; };
		A55DCA7D27DF8502002374A6 /* Base */ = {isa = PBXFileReference; lastKnownFileType = file.storyboard; name = Base; path = Base.lproj/LaunchScreen.storyboard; sourceTree = "<group>"; };
		A55DCA7F27DF8502002374A6 /* Info.plist */ = {isa = PBXFileReference; lastKnownFileType = text.plist.xml; path = Info.plist; sourceTree = "<group>"; };
		A55DCA8827DF8A94002374A6 /* Post.swift */ = {isa = PBXFileReference; lastKnownFileType = sourcecode.swift; path = Post.swift; sourceTree = "<group>"; };
		A55DCA9027DF938B002374A6 /* PostPresenter.swift */ = {isa = PBXFileReference; lastKnownFileType = sourcecode.swift; path = PostPresenter.swift; sourceTree = "<group>"; };
		A55DCA9227DF9424002374A6 /* PostFetch.swift */ = {isa = PBXFileReference; lastKnownFileType = sourcecode.swift; path = PostFetch.swift; sourceTree = "<group>"; };
		A55DCA9527DF96C4002374A6 /* PostResponse.swift */ = {isa = PBXFileReference; lastKnownFileType = sourcecode.swift; path = PostResponse.swift; sourceTree = "<group>"; };
		A55DCA9927DF9A15002374A6 /* Data+DTO.swift */ = {isa = PBXFileReference; lastKnownFileType = sourcecode.swift; path = "Data+DTO.swift"; sourceTree = "<group>"; };
		A55DCA9B27DF9DDB002374A6 /* Closures.swift */ = {isa = PBXFileReference; lastKnownFileType = sourcecode.swift; path = Closures.swift; sourceTree = "<group>"; };
		A55DCA9E27DFD548002374A6 /* PostAdapter.swift */ = {isa = PBXFileReference; lastKnownFileType = sourcecode.swift; path = PostAdapter.swift; sourceTree = "<group>"; };
		A55DCAA727DFEC5F002374A6 /* PostTableViewCell.swift */ = {isa = PBXFileReference; lastKnownFileType = sourcecode.swift; path = PostTableViewCell.swift; sourceTree = "<group>"; };
		A55DCAAA27E005F1002374A6 /* ErrorTableViewCell.swift */ = {isa = PBXFileReference; lastKnownFileType = sourcecode.swift; path = ErrorTableViewCell.swift; sourceTree = "<group>"; };
		A55DCAAC27E010FC002374A6 /* PostFilterAdapter.swift */ = {isa = PBXFileReference; lastKnownFileType = sourcecode.swift; path = PostFilterAdapter.swift; sourceTree = "<group>"; };
		A55DCAAF27E0265B002374A6 /* PostDetailPresenter.swift */ = {isa = PBXFileReference; lastKnownFileType = sourcecode.swift; path = PostDetailPresenter.swift; sourceTree = "<group>"; };
		A55DCAB127E02679002374A6 /* PostDetailViewController.swift */ = {isa = PBXFileReference; lastKnownFileType = sourcecode.swift; path = PostDetailViewController.swift; sourceTree = "<group>"; };
		A5A3F9A627E1257C00CB0031 /* AllPost.swift */ = {isa = PBXFileReference; lastKnownFileType = sourcecode.swift; path = AllPost.swift; sourceTree = "<group>"; };
		A5A3F9A827E126A300CB0031 /* Meta.swift */ = {isa = PBXFileReference; lastKnownFileType = sourcecode.swift; path = Meta.swift; sourceTree = "<group>"; };
		A5A3F9AA27E126B600CB0031 /* Pagination.swift */ = {isa = PBXFileReference; lastKnownFileType = sourcecode.swift; path = Pagination.swift; sourceTree = "<group>"; };
		A5A3F9AC27E126D400CB0031 /* Links.swift */ = {isa = PBXFileReference; lastKnownFileType = sourcecode.swift; path = Links.swift; sourceTree = "<group>"; };
/* End PBXFileReference section */

/* Begin PBXFrameworksBuildPhase section */
		A55DCA6B27DF8500002374A6 /* Frameworks */ = {
			isa = PBXFrameworksBuildPhase;
			buildActionMask = 2147483647;
			files = (
				A55DCA8C27DF8C61002374A6 /* Alamofire in Frameworks */,
				BF032A449B8B15A6799C1E43 /* Pods_PostSearch.framework in Frameworks */,
			);
			runOnlyForDeploymentPostprocessing = 0;
		};
/* End PBXFrameworksBuildPhase section */

/* Begin PBXGroup section */
		A55DCA6527DF8500002374A6 = {
			isa = PBXGroup;
			children = (
				A55DCA7027DF8500002374A6 /* PostSearch */,
				A55DCA6F27DF8500002374A6 /* Products */,
				EBD2C92F6D9FA9026342DDA4 /* Pods */,
				FED0DABA9D3B284FF328DED1 /* Frameworks */,
			);
			sourceTree = "<group>";
		};
		A55DCA6F27DF8500002374A6 /* Products */ = {
			isa = PBXGroup;
			children = (
				A55DCA6E27DF8500002374A6 /* PostSearch.app */,
			);
			name = Products;
			sourceTree = "<group>";
		};
		A55DCA7027DF8500002374A6 /* PostSearch */ = {
			isa = PBXGroup;
			children = (
				A55DCA7F27DF8502002374A6 /* Info.plist */,
				A55DCA9727DF99FF002374A6 /* General */,
				A55DCA8F27DF91F1002374A6 /* Resources */,
				A55DCA8E27DF91C8002374A6 /* App */,
				A55DCA8D27DF91B4002374A6 /* Controller */,
				A55DCA8727DF8A3D002374A6 /* Presenter */,
				A55DCA8627DF8A2C002374A6 /* View */,
				A55DCA8527DF89F6002374A6 /* Model */,
				A5A3F9AE27E1271900CB0031 /* Networking */,
			);
			path = PostSearch;
			sourceTree = "<group>";
		};
		A55DCA8527DF89F6002374A6 /* Model */ = {
			isa = PBXGroup;
			children = (
				A5A3F9AF27E127B100CB0031 /* Response */,
				A5A3F9A627E1257C00CB0031 /* AllPost.swift */,
				A55DCA8827DF8A94002374A6 /* Post.swift */,
				A5A3F9A827E126A300CB0031 /* Meta.swift */,
				A5A3F9AA27E126B600CB0031 /* Pagination.swift */,
				A5A3F9AC27E126D400CB0031 /* Links.swift */,
			);
			path = Model;
			sourceTree = "<group>";
		};
		A55DCA8627DF8A2C002374A6 /* View */ = {
			isa = PBXGroup;
			children = (
				A55DCAA027DFE26F002374A6 /* CustomViews */,
				A55DCA7C27DF8502002374A6 /* LaunchScreen.storyboard */,
				A55DCA7727DF8501002374A6 /* Main.storyboard */,
			);
			path = View;
			sourceTree = "<group>";
		};
		A55DCA8727DF8A3D002374A6 /* Presenter */ = {
			isa = PBXGroup;
			children = (
				A55DCAAF27E0265B002374A6 /* PostDetailPresenter.swift */,
				A55DCA9027DF938B002374A6 /* PostPresenter.swift */,
			);
			path = Presenter;
			sourceTree = "<group>";
		};
		A55DCA8D27DF91B4002374A6 /* Controller */ = {
			isa = PBXGroup;
			children = (
				A55DCA7527DF8500002374A6 /* PostViewController.swift */,
				A55DCAAE27E02644002374A6 /* Detail */,
				A55DCA9D27DFD533002374A6 /* Adapter */,
			);
			path = Controller;
			sourceTree = "<group>";
		};
		A55DCA8E27DF91C8002374A6 /* App */ = {
			isa = PBXGroup;
			children = (
				A55DCA7127DF8500002374A6 /* AppDelegate.swift */,
				A55DCA7327DF8500002374A6 /* SceneDelegate.swift */,
			);
			path = App;
			sourceTree = "<group>";
		};
		A55DCA8F27DF91F1002374A6 /* Resources */ = {
			isa = PBXGroup;
			children = (
				A55DCA7A27DF8502002374A6 /* Assets.xcassets */,
			);
			path = Resources;
			sourceTree = "<group>";
		};
		A55DCA9727DF99FF002374A6 /* General */ = {
			isa = PBXGroup;
			children = (
				A55DCAA927E005E2002374A6 /* Error */,
				A55DCA9827DF9A06002374A6 /* Helpers */,
			);
			path = General;
			sourceTree = "<group>";
		};
		A55DCA9827DF9A06002374A6 /* Helpers */ = {
			isa = PBXGroup;
			children = (
				A55DCA9927DF9A15002374A6 /* Data+DTO.swift */,
				A55DCA9B27DF9DDB002374A6 /* Closures.swift */,
			);
			path = Helpers;
			sourceTree = "<group>";
		};
		A55DCA9D27DFD533002374A6 /* Adapter */ = {
			isa = PBXGroup;
			children = (
				A55DCA9E27DFD548002374A6 /* PostAdapter.swift */,
				A55DCAAC27E010FC002374A6 /* PostFilterAdapter.swift */,
			);
			path = Adapter;
			sourceTree = "<group>";
		};
		A55DCAA027DFE26F002374A6 /* CustomViews */ = {
			isa = PBXGroup;
			children = (
				A55DCAA727DFEC5F002374A6 /* PostTableViewCell.swift */,
			);
			path = CustomViews;
			sourceTree = "<group>";
		};
		A55DCAA927E005E2002374A6 /* Error */ = {
			isa = PBXGroup;
			children = (
				A55DCAAA27E005F1002374A6 /* ErrorTableViewCell.swift */,
			);
			path = Error;
			sourceTree = "<group>";
		};
		A55DCAAE27E02644002374A6 /* Detail */ = {
			isa = PBXGroup;
			children = (
				A55DCAB127E02679002374A6 /* PostDetailViewController.swift */,
			);
			path = Detail;
			sourceTree = "<group>";
		};
		A5A3F9AE27E1271900CB0031 /* Networking */ = {
			isa = PBXGroup;
			children = (
				A55DCA9227DF9424002374A6 /* PostFetch.swift */,
			);
			path = Networking;
			sourceTree = "<group>";
		};
		A5A3F9AF27E127B100CB0031 /* Response */ = {
			isa = PBXGroup;
			children = (
				A55DCA9527DF96C4002374A6 /* PostResponse.swift */,
			);
			path = Response;
			sourceTree = "<group>";
		};
		EBD2C92F6D9FA9026342DDA4 /* Pods */ = {
			isa = PBXGroup;
			children = (
				6B24A72D1EFDCDBA949602E9 /* Pods-PostSearch.debug.xcconfig */,
				35482D39B27AF73A1205D1E4 /* Pods-PostSearch.release.xcconfig */,
			);
			path = Pods;
			sourceTree = "<group>";
		};
		FED0DABA9D3B284FF328DED1 /* Frameworks */ = {
			isa = PBXGroup;
			children = (
				071CD8E90DF248F8D390BD33 /* Pods_PostSearch.framework */,
			);
			name = Frameworks;
			sourceTree = "<group>";
		};
/* End PBXGroup section */

/* Begin PBXNativeTarget section */
		A55DCA6D27DF8500002374A6 /* PostSearch */ = {
			isa = PBXNativeTarget;
			buildConfigurationList = A55DCA8227DF8502002374A6 /* Build configuration list for PBXNativeTarget "PostSearch" */;
			buildPhases = (
				B372908525223FDF718892AC /* [CP] Check Pods Manifest.lock */,
				A55DCA6A27DF8500002374A6 /* Sources */,
				A55DCA6B27DF8500002374A6 /* Frameworks */,
				A55DCA6C27DF8500002374A6 /* Resources */,
				DA5167B1F79F95B1B3D2F7F0 /* [CP] Embed Pods Frameworks */,
			);
			buildRules = (
			);
			dependencies = (
			);
			name = PostSearch;
			packageProductDependencies = (
				A55DCA8B27DF8C61002374A6 /* Alamofire */,
			);
			productName = PostSearch;
			productReference = A55DCA6E27DF8500002374A6 /* PostSearch.app */;
			productType = "com.apple.product-type.application";
		};
/* End PBXNativeTarget section */

/* Begin PBXProject section */
		A55DCA6627DF8500002374A6 /* Project object */ = {
			isa = PBXProject;
			attributes = {
				BuildIndependentTargetsInParallel = 1;
				LastSwiftUpdateCheck = 1320;
				LastUpgradeCheck = 1320;
				TargetAttributes = {
					A55DCA6D27DF8500002374A6 = {
						CreatedOnToolsVersion = 13.2.1;
					};
				};
			};
			buildConfigurationList = A55DCA6927DF8500002374A6 /* Build configuration list for PBXProject "PostSearch" */;
			compatibilityVersion = "Xcode 13.0";
			developmentRegion = en;
			hasScannedForEncodings = 0;
			knownRegions = (
				en,
				Base,
			);
			mainGroup = A55DCA6527DF8500002374A6;
			packageReferences = (
				A55DCA8A27DF8C61002374A6 /* XCRemoteSwiftPackageReference "Alamofire" */,
			);
			productRefGroup = A55DCA6F27DF8500002374A6 /* Products */;
			projectDirPath = "";
			projectRoot = "";
			targets = (
				A55DCA6D27DF8500002374A6 /* PostSearch */,
			);
		};
/* End PBXProject section */

/* Begin PBXResourcesBuildPhase section */
		A55DCA6C27DF8500002374A6 /* Resources */ = {
			isa = PBXResourcesBuildPhase;
			buildActionMask = 2147483647;
			files = (
				A55DCA7E27DF8502002374A6 /* LaunchScreen.storyboard in Resources */,
				A55DCA7B27DF8502002374A6 /* Assets.xcassets in Resources */,
				A55DCA7927DF8501002374A6 /* Main.storyboard in Resources */,
			);
			runOnlyForDeploymentPostprocessing = 0;
		};
/* End PBXResourcesBuildPhase section */

/* Begin PBXShellScriptBuildPhase section */
		B372908525223FDF718892AC /* [CP] Check Pods Manifest.lock */ = {
			isa = PBXShellScriptBuildPhase;
			buildActionMask = 2147483647;
			files = (
			);
			inputFileListPaths = (
			);
			inputPaths = (
				"${PODS_PODFILE_DIR_PATH}/Podfile.lock",
				"${PODS_ROOT}/Manifest.lock",
			);
			name = "[CP] Check Pods Manifest.lock";
			outputFileListPaths = (
			);
			outputPaths = (
				"$(DERIVED_FILE_DIR)/Pods-PostSearch-checkManifestLockResult.txt",
			);
			runOnlyForDeploymentPostprocessing = 0;
			shellPath = /bin/sh;
			shellScript = "diff \"${PODS_PODFILE_DIR_PATH}/Podfile.lock\" \"${PODS_ROOT}/Manifest.lock\" > /dev/null\nif [ $? != 0 ] ; then\n    # print error to STDERR\n    echo \"error: The sandbox is not in sync with the Podfile.lock. Run 'pod install' or update your CocoaPods installation.\" >&2\n    exit 1\nfi\n# This output is used by Xcode 'outputs' to avoid re-running this script phase.\necho \"SUCCESS\" > \"${SCRIPT_OUTPUT_FILE_0}\"\n";
			showEnvVarsInLog = 0;
		};
		DA5167B1F79F95B1B3D2F7F0 /* [CP] Embed Pods Frameworks */ = {
			isa = PBXShellScriptBuildPhase;
			buildActionMask = 2147483647;
			files = (
			);
			inputFileListPaths = (
				"${PODS_ROOT}/Target Support Files/Pods-PostSearch/Pods-PostSearch-frameworks-${CONFIGURATION}-input-files.xcfilelist",
			);
			name = "[CP] Embed Pods Frameworks";
			outputFileListPaths = (
				"${PODS_ROOT}/Target Support Files/Pods-PostSearch/Pods-PostSearch-frameworks-${CONFIGURATION}-output-files.xcfilelist",
			);
			runOnlyForDeploymentPostprocessing = 0;
			shellPath = /bin/sh;
			shellScript = "\"${PODS_ROOT}/Target Support Files/Pods-PostSearch/Pods-PostSearch-frameworks.sh\"\n";
			showEnvVarsInLog = 0;
		};
/* End PBXShellScriptBuildPhase section */

/* Begin PBXSourcesBuildPhase section */
		A55DCA6A27DF8500002374A6 /* Sources */ = {
			isa = PBXSourcesBuildPhase;
			buildActionMask = 2147483647;
			files = (
				A55DCAA827DFEC5F002374A6 /* PostTableViewCell.swift in Sources */,
				A55DCA9127DF938B002374A6 /* PostPresenter.swift in Sources */,
				A55DCA9627DF96C4002374A6 /* PostResponse.swift in Sources */,
				A55DCA9C27DF9DDB002374A6 /* Closures.swift in Sources */,
				A55DCA9F27DFD548002374A6 /* PostAdapter.swift in Sources */,
				A55DCA9327DF9424002374A6 /* PostFetch.swift in Sources */,
				A55DCA7627DF8500002374A6 /* PostViewController.swift in Sources */,
				A5A3F9A727E1257C00CB0031 /* AllPost.swift in Sources */,
				A55DCAB227E02679002374A6 /* PostDetailViewController.swift in Sources */,
				A5A3F9A927E126A300CB0031 /* Meta.swift in Sources */,
				A55DCAB027E0265B002374A6 /* PostDetailPresenter.swift in Sources */,
				A55DCA7227DF8500002374A6 /* AppDelegate.swift in Sources */,
				A55DCAAB27E005F1002374A6 /* ErrorTableViewCell.swift in Sources */,
				A55DCA9A27DF9A15002374A6 /* Data+DTO.swift in Sources */,
				A55DCAAD27E010FC002374A6 /* PostFilterAdapter.swift in Sources */,
				A5A3F9AB27E126B600CB0031 /* Pagination.swift in Sources */,
				A5A3F9AD27E126D400CB0031 /* Links.swift in Sources */,
				A55DCA7427DF8500002374A6 /* SceneDelegate.swift in Sources */,
				A55DCA8927DF8A94002374A6 /* Post.swift in Sources */,
			);
			runOnlyForDeploymentPostprocessing = 0;
		};
/* End PBXSourcesBuildPhase section */

/* Begin PBXVariantGroup section */
		A55DCA7727DF8501002374A6 /* Main.storyboard */ = {
			isa = PBXVariantGroup;
			children = (
				A55DCA7827DF8501002374A6 /* Base */,
			);
			name = Main.storyboard;
			sourceTree = "<group>";
		};
		A55DCA7C27DF8502002374A6 /* LaunchScreen.storyboard */ = {
			isa = PBXVariantGroup;
			children = (
				A55DCA7D27DF8502002374A6 /* Base */,
			);
			name = LaunchScreen.storyboard;
			sourceTree = "<group>";
		};
/* End PBXVariantGroup section */

/* Begin XCBuildConfiguration section */
		A55DCA8027DF8502002374A6 /* Debug */ = {
			isa = XCBuildConfiguration;
			buildSettings = {
				ALWAYS_SEARCH_USER_PATHS = NO;
				CLANG_ANALYZER_NONNULL = YES;
				CLANG_ANALYZER_NUMBER_OBJECT_CONVERSION = YES_AGGRESSIVE;
				CLANG_CXX_LANGUAGE_STANDARD = "gnu++17";
				CLANG_CXX_LIBRARY = "libc++";
				CLANG_ENABLE_MODULES = YES;
				CLANG_ENABLE_OBJC_ARC = YES;
				CLANG_ENABLE_OBJC_WEAK = YES;
				CLANG_WARN_BLOCK_CAPTURE_AUTORELEASING = YES;
				CLANG_WARN_BOOL_CONVERSION = YES;
				CLANG_WARN_COMMA = YES;
				CLANG_WARN_CONSTANT_CONVERSION = YES;
				CLANG_WARN_DEPRECATED_OBJC_IMPLEMENTATIONS = YES;
				CLANG_WARN_DIRECT_OBJC_ISA_USAGE = YES_ERROR;
				CLANG_WARN_DOCUMENTATION_COMMENTS = YES;
				CLANG_WARN_EMPTY_BODY = YES;
				CLANG_WARN_ENUM_CONVERSION = YES;
				CLANG_WARN_INFINITE_RECURSION = YES;
				CLANG_WARN_INT_CONVERSION = YES;
				CLANG_WARN_NON_LITERAL_NULL_CONVERSION = YES;
				CLANG_WARN_OBJC_IMPLICIT_RETAIN_SELF = YES;
				CLANG_WARN_OBJC_LITERAL_CONVERSION = YES;
				CLANG_WARN_OBJC_ROOT_CLASS = YES_ERROR;
				CLANG_WARN_QUOTED_INCLUDE_IN_FRAMEWORK_HEADER = YES;
				CLANG_WARN_RANGE_LOOP_ANALYSIS = YES;
				CLANG_WARN_STRICT_PROTOTYPES = YES;
				CLANG_WARN_SUSPICIOUS_MOVE = YES;
				CLANG_WARN_UNGUARDED_AVAILABILITY = YES_AGGRESSIVE;
				CLANG_WARN_UNREACHABLE_CODE = YES;
				CLANG_WARN__DUPLICATE_METHOD_MATCH = YES;
				COPY_PHASE_STRIP = NO;
				DEBUG_INFORMATION_FORMAT = dwarf;
				ENABLE_STRICT_OBJC_MSGSEND = YES;
				ENABLE_TESTABILITY = YES;
				GCC_C_LANGUAGE_STANDARD = gnu11;
				GCC_DYNAMIC_NO_PIC = NO;
				GCC_NO_COMMON_BLOCKS = YES;
				GCC_OPTIMIZATION_LEVEL = 0;
				GCC_PREPROCESSOR_DEFINITIONS = (
					"DEBUG=1",
					"$(inherited)",
				);
				GCC_WARN_64_TO_32_BIT_CONVERSION = YES;
				GCC_WARN_ABOUT_RETURN_TYPE = YES_ERROR;
				GCC_WARN_UNDECLARED_SELECTOR = YES;
				GCC_WARN_UNINITIALIZED_AUTOS = YES_AGGRESSIVE;
				GCC_WARN_UNUSED_FUNCTION = YES;
				GCC_WARN_UNUSED_VARIABLE = YES;
				IPHONEOS_DEPLOYMENT_TARGET = 15.2;
				MTL_ENABLE_DEBUG_INFO = INCLUDE_SOURCE;
				MTL_FAST_MATH = YES;
				ONLY_ACTIVE_ARCH = YES;
				SDKROOT = iphoneos;
				SWIFT_ACTIVE_COMPILATION_CONDITIONS = DEBUG;
				SWIFT_OPTIMIZATION_LEVEL = "-Onone";
			};
			name = Debug;
		};
		A55DCA8127DF8502002374A6 /* Release */ = {
			isa = XCBuildConfiguration;
			buildSettings = {
				ALWAYS_SEARCH_USER_PATHS = NO;
				CLANG_ANALYZER_NONNULL = YES;
				CLANG_ANALYZER_NUMBER_OBJECT_CONVERSION = YES_AGGRESSIVE;
				CLANG_CXX_LANGUAGE_STANDARD = "gnu++17";
				CLANG_CXX_LIBRARY = "libc++";
				CLANG_ENABLE_MODULES = YES;
				CLANG_ENABLE_OBJC_ARC = YES;
				CLANG_ENABLE_OBJC_WEAK = YES;
				CLANG_WARN_BLOCK_CAPTURE_AUTORELEASING = YES;
				CLANG_WARN_BOOL_CONVERSION = YES;
				CLANG_WARN_COMMA = YES;
				CLANG_WARN_CONSTANT_CONVERSION = YES;
				CLANG_WARN_DEPRECATED_OBJC_IMPLEMENTATIONS = YES;
				CLANG_WARN_DIRECT_OBJC_ISA_USAGE = YES_ERROR;
				CLANG_WARN_DOCUMENTATION_COMMENTS = YES;
				CLANG_WARN_EMPTY_BODY = YES;
				CLANG_WARN_ENUM_CONVERSION = YES;
				CLANG_WARN_INFINITE_RECURSION = YES;
				CLANG_WARN_INT_CONVERSION = YES;
				CLANG_WARN_NON_LITERAL_NULL_CONVERSION = YES;
				CLANG_WARN_OBJC_IMPLICIT_RETAIN_SELF = YES;
				CLANG_WARN_OBJC_LITERAL_CONVERSION = YES;
				CLANG_WARN_OBJC_ROOT_CLASS = YES_ERROR;
				CLANG_WARN_QUOTED_INCLUDE_IN_FRAMEWORK_HEADER = YES;
				CLANG_WARN_RANGE_LOOP_ANALYSIS = YES;
				CLANG_WARN_STRICT_PROTOTYPES = YES;
				CLANG_WARN_SUSPICIOUS_MOVE = YES;
				CLANG_WARN_UNGUARDED_AVAILABILITY = YES_AGGRESSIVE;
				CLANG_WARN_UNREACHABLE_CODE = YES;
				CLANG_WARN__DUPLICATE_METHOD_MATCH = YES;
				COPY_PHASE_STRIP = NO;
				DEBUG_INFORMATION_FORMAT = "dwarf-with-dsym";
				ENABLE_NS_ASSERTIONS = NO;
				ENABLE_STRICT_OBJC_MSGSEND = YES;
				GCC_C_LANGUAGE_STANDARD = gnu11;
				GCC_NO_COMMON_BLOCKS = YES;
				GCC_WARN_64_TO_32_BIT_CONVERSION = YES;
				GCC_WARN_ABOUT_RETURN_TYPE = YES_ERROR;
				GCC_WARN_UNDECLARED_SELECTOR = YES;
				GCC_WARN_UNINITIALIZED_AUTOS = YES_AGGRESSIVE;
				GCC_WARN_UNUSED_FUNCTION = YES;
				GCC_WARN_UNUSED_VARIABLE = YES;
				IPHONEOS_DEPLOYMENT_TARGET = 15.2;
				MTL_ENABLE_DEBUG_INFO = NO;
				MTL_FAST_MATH = YES;
				SDKROOT = iphoneos;
				SWIFT_COMPILATION_MODE = wholemodule;
				SWIFT_OPTIMIZATION_LEVEL = "-O";
				VALIDATE_PRODUCT = YES;
			};
			name = Release;
		};
		A55DCA8327DF8502002374A6 /* Debug */ = {
			isa = XCBuildConfiguration;
			baseConfigurationReference = 6B24A72D1EFDCDBA949602E9 /* Pods-PostSearch.debug.xcconfig */;
			buildSettings = {
				ASSETCATALOG_COMPILER_APPICON_NAME = AppIcon;
				ASSETCATALOG_COMPILER_GLOBAL_ACCENT_COLOR_NAME = AccentColor;
				CODE_SIGN_STYLE = Automatic;
				CURRENT_PROJECT_VERSION = 1;
				DEVELOPMENT_TEAM = NXY2G8NXJS;
				GENERATE_INFOPLIST_FILE = YES;
				INFOPLIST_FILE = PostSearch/Info.plist;
				INFOPLIST_KEY_UIApplicationSupportsIndirectInputEvents = YES;
				INFOPLIST_KEY_UILaunchStoryboardName = LaunchScreen;
				INFOPLIST_KEY_UIMainStoryboardFile = Main;
				INFOPLIST_KEY_UISupportedInterfaceOrientations_iPad = "UIInterfaceOrientationPortrait UIInterfaceOrientationPortraitUpsideDown UIInterfaceOrientationLandscapeLeft UIInterfaceOrientationLandscapeRight";
				INFOPLIST_KEY_UISupportedInterfaceOrientations_iPhone = "UIInterfaceOrientationPortrait UIInterfaceOrientationLandscapeLeft UIInterfaceOrientationLandscapeRight";
				LD_RUNPATH_SEARCH_PATHS = (
					"$(inherited)",
					"@executable_path/Frameworks",
				);
				MARKETING_VERSION = 1.0;
				PRODUCT_BUNDLE_IDENTIFIER = raliaga.dev.PostSearch;
				PRODUCT_NAME = "$(TARGET_NAME)";
				SWIFT_EMIT_LOC_STRINGS = YES;
				SWIFT_VERSION = 5.0;
				TARGETED_DEVICE_FAMILY = "1,2";
			};
			name = Debug;
		};
		A55DCA8427DF8502002374A6 /* Release */ = {
			isa = XCBuildConfiguration;
			baseConfigurationReference = 35482D39B27AF73A1205D1E4 /* Pods-PostSearch.release.xcconfig */;
			buildSettings = {
				ASSETCATALOG_COMPILER_APPICON_NAME = AppIcon;
				ASSETCATALOG_COMPILER_GLOBAL_ACCENT_COLOR_NAME = AccentColor;
				CODE_SIGN_STYLE = Automatic;
				CURRENT_PROJECT_VERSION = 1;
				DEVELOPMENT_TEAM = NXY2G8NXJS;
				GENERATE_INFOPLIST_FILE = YES;
				INFOPLIST_FILE = PostSearch/Info.plist;
				INFOPLIST_KEY_UIApplicationSupportsIndirectInputEvents = YES;
				INFOPLIST_KEY_UILaunchStoryboardName = LaunchScreen;
				INFOPLIST_KEY_UIMainStoryboardFile = Main;
				INFOPLIST_KEY_UISupportedInterfaceOrientations_iPad = "UIInterfaceOrientationPortrait UIInterfaceOrientationPortraitUpsideDown UIInterfaceOrientationLandscapeLeft UIInterfaceOrientationLandscapeRight";
				INFOPLIST_KEY_UISupportedInterfaceOrientations_iPhone = "UIInterfaceOrientationPortrait UIInterfaceOrientationLandscapeLeft UIInterfaceOrientationLandscapeRight";
				LD_RUNPATH_SEARCH_PATHS = (
					"$(inherited)",
					"@executable_path/Frameworks",
				);
				MARKETING_VERSION = 1.0;
				PRODUCT_BUNDLE_IDENTIFIER = raliaga.dev.PostSearch;
				PRODUCT_NAME = "$(TARGET_NAME)";
				SWIFT_EMIT_LOC_STRINGS = YES;
				SWIFT_VERSION = 5.0;
				TARGETED_DEVICE_FAMILY = "1,2";
			};
			name = Release;
		};
/* End XCBuildConfiguration section */

/* Begin XCConfigurationList section */
		A55DCA6927DF8500002374A6 /* Build configuration list for PBXProject "PostSearch" */ = {
			isa = XCConfigurationList;
			buildConfigurations = (
				A55DCA8027DF8502002374A6 /* Debug */,
				A55DCA8127DF8502002374A6 /* Release */,
			);
			defaultConfigurationIsVisible = 0;
			defaultConfigurationName = Release;
		};
		A55DCA8227DF8502002374A6 /* Build configuration list for PBXNativeTarget "PostSearch" */ = {
			isa = XCConfigurationList;
			buildConfigurations = (
				A55DCA8327DF8502002374A6 /* Debug */,
				A55DCA8427DF8502002374A6 /* Release */,
			);
			defaultConfigurationIsVisible = 0;
			defaultConfigurationName = Release;
		};
/* End XCConfigurationList section */

/* Begin XCRemoteSwiftPackageReference section */
		A55DCA8A27DF8C61002374A6 /* XCRemoteSwiftPackageReference "Alamofire" */ = {
			isa = XCRemoteSwiftPackageReference;
			repositoryURL = "https://github.com/Alamofire/Alamofire.git";
			requirement = {
				branch = master;
				kind = branch;
			};
		};
/* End XCRemoteSwiftPackageReference section */

/* Begin XCSwiftPackageProductDependency section */
		A55DCA8B27DF8C61002374A6 /* Alamofire */ = {
			isa = XCSwiftPackageProductDependency;
			package = A55DCA8A27DF8C61002374A6 /* XCRemoteSwiftPackageReference "Alamofire" */;
			productName = Alamofire;
		};
/* End XCSwiftPackageProductDependency section */
	};
	rootObject = A55DCA6627DF8500002374A6 /* Project object */;
}
